
Microsoft Visual Studio Solution File, Format Version 12.00
Project("{FAE04EC0-301F-11D3-BF4B-00C04F79EFBC}") = "TwitchNET.Core", "TwitchNET.Core\TwitchNET.Core.csproj", "{19455DB0-988C-407F-81F9-8E1B1D903AF1}"
EndProject
Project("{FAE04EC0-301F-11D3-BF4B-00C04F79EFBC}") = "TwitchNET.Samples", "TwitchNET.Samples\TwitchNET.Samples.csproj", "{EB233414-97AE-4804-BAEF-0D4F957B36B5}"
EndProject
Project("{FAE04EC0-301F-11D3-BF4B-00C04F79EFBC}") = "TwitchNET.Tests", "TwitchNET.Tests\TwitchNET.Tests.csproj", "{43C20DE9-8C45-48D5-A153-F69056A8407A}"
EndProject
Project("{FAE04EC0-301F-11D3-BF4B-00C04F79EFBC}") = "TwitchNET.Benchmarks", "TwitchNET.Benchmarks\TwitchNET.Benchmarks.csproj", "{518957CE-8F4E-4A4C-BBF3-D91B69DBF58D}"
EndProject
Global
	GlobalSection(SolutionConfigurationPlatforms) = preSolution
		Debug|Any CPU = Debug|Any CPU
		Release|Any CPU = Release|Any CPU
	EndGlobalSection
	GlobalSection(ProjectConfigurationPlatforms) = postSolution
		{19455DB0-988C-407F-81F9-8E1B1D903AF1}.Debug|Any CPU.ActiveCfg = Debug|Any CPU
		{19455DB0-988C-407F-81F9-8E1B1D903AF1}.Debug|Any CPU.Build.0 = Debug|Any CPU
		{19455DB0-988C-407F-81F9-8E1B1D903AF1}.Release|Any CPU.ActiveCfg = Release|Any CPU
		{19455DB0-988C-407F-81F9-8E1B1D903AF1}.Release|Any CPU.Build.0 = Release|Any CPU
		{EB233414-97AE-4804-BAEF-0D4F957B36B5}.Debug|Any CPU.ActiveCfg = Debug|Any CPU
		{EB233414-97AE-4804-BAEF-0D4F957B36B5}.Debug|Any CPU.Build.0 = Debug|Any CPU
		{EB233414-97AE-4804-BAEF-0D4F957B36B5}.Release|Any CPU.ActiveCfg = Release|Any CPU
		{EB233414-97AE-4804-BAEF-0D4F957B36B5}.Release|Any CPU.Build.0 = Release|Any CPU
		{43C20DE9-8C45-48D5-A153-F69056A8407A}.Debug|Any CPU.ActiveCfg = Debug|Any CPU
		{43C20DE9-8C45-48D5-A153-F69056A8407A}.Debug|Any CPU.Build.0 = Debug|Any CPU
		{43C20DE9-8C45-48D5-A153-F69056A8407A}.Release|Any CPU.ActiveCfg = Release|Any CPU
		{43C20DE9-8C45-48D5-A153-F69056A8407A}.Release|Any CPU.Build.0 = Release|Any CPU
		{518957CE-8F4E-4A4C-BBF3-D91B69DBF58D}.Debug|Any CPU.ActiveCfg = Debug|Any CPU
		{518957CE-8F4E-4A4C-BBF3-D91B69DBF58D}.Debug|Any CPU.Build.0 = Debug|Any CPU
		{518957CE-8F4E-4A4C-BBF3-D91B69DBF58D}.Release|Any CPU.ActiveCfg = Release|Any CPU
		{518957CE-8F4E-4A4C-BBF3-D91B69DBF58D}.Release|Any CPU.Build.0 = Release|Any CPU
	EndGlobalSection
EndGlobal
